// !$*UTF8*$!
{
	archiveVersion = 1;
	classes = {
	};
	objectVersion = 50;
	objects = {

/* Begin PBXBuildFile section */
		5B89CD0A2144E19F00C4D5C3 /* AppDelegate.swift in Sources */ = {isa = PBXBuildFile; fileRef = 5B89CD092144E19F00C4D5C3 /* AppDelegate.swift */; };
		5B89CD0C2144E19F00C4D5C3 /* ViewController.swift in Sources */ = {isa = PBXBuildFile; fileRef = 5B89CD0B2144E19F00C4D5C3 /* ViewController.swift */; };
		5B89CD0F2144E19F00C4D5C3 /* Main.storyboard in Resources */ = {isa = PBXBuildFile; fileRef = 5B89CD0D2144E19F00C4D5C3 /* Main.storyboard */; };
		5B89CD112144E1A100C4D5C3 /* Assets.xcassets in Resources */ = {isa = PBXBuildFile; fileRef = 5B89CD102144E1A100C4D5C3 /* Assets.xcassets */; };
		5B89CD142144E1A100C4D5C3 /* LaunchScreen.storyboard in Resources */ = {isa = PBXBuildFile; fileRef = 5B89CD122144E1A100C4D5C3 /* LaunchScreen.storyboard */; };
		5B89CD1F2144E1A100C4D5C3 /* TippyyTests.swift in Sources */ = {isa = PBXBuildFile; fileRef = 5B89CD1E2144E1A100C4D5C3 /* TippyyTests.swift */; };
		5B89CD2A2144E1A100C4D5C3 /* TippyyUITests.swift in Sources */ = {isa = PBXBuildFile; fileRef = 5B89CD292144E1A100C4D5C3 /* TippyyUITests.swift */; };
/* End PBXBuildFile section */

/* Begin PBXContainerItemProxy section */
		5B89CD1B2144E1A100C4D5C3 /* PBXContainerItemProxy */ = {
			isa = PBXContainerItemProxy;
			containerPortal = 5B89CCFE2144E19F00C4D5C3 /* Project object */;
			proxyType = 1;
			remoteGlobalIDString = 5B89CD052144E19F00C4D5C3;
			remoteInfo = Tippyy;
		};
		5B89CD262144E1A100C4D5C3 /* PBXContainerItemProxy */ = {
			isa = PBXContainerItemProxy;
			containerPortal = 5B89CCFE2144E19F00C4D5C3 /* Project object */;
			proxyType = 1;
			remoteGlobalIDString = 5B89CD052144E19F00C4D5C3;
			remoteInfo = Tippyy;
		};
/* End PBXContainerItemProxy section */

/* Begin PBXFileReference section */
		5B89CD062144E19F00C4D5C3 /* Tippyy.app */ = {isa = PBXFileReference; explicitFileType = wrapper.application; includeInIndex = 0; path = Tippyy.app; sourceTree = BUILT_PRODUCTS_DIR; };
		5B89CD092144E19F00C4D5C3 /* AppDelegate.swift */ = {isa = PBXFileReference; lastKnownFileType = sourcecode.swift; path = AppDelegate.swift; sourceTree = "<group>"; };
		5B89CD0B2144E19F00C4D5C3 /* ViewController.swift */ = {isa = PBXFileReference; lastKnownFileType = sourcecode.swift; path = ViewController.swift; sourceTree = "<group>"; };
		5B89CD0E2144E19F00C4D5C3 /* Base */ = {isa = PBXFileReference; lastKnownFileType = file.storyboard; name = Base; path = Base.lproj/Main.storyboard; sourceTree = "<group>"; };
		5B89CD102144E1A100C4D5C3 /* Assets.xcassets */ = {isa = PBXFileReference; lastKnownFileType = folder.assetcatalog; path = Assets.xcassets; sourceTree = "<group>"; };
		5B89CD132144E1A100C4D5C3 /* Base */ = {isa = PBXFileReference; lastKnownFileType = file.storyboard; name = Base; path = Base.lproj/LaunchScreen.storyboard; sourceTree = "<group>"; };
		5B89CD152144E1A100C4D5C3 /* Info.plist */ = {isa = PBXFileReference; lastKnownFileType = text.plist.xml; path = Info.plist; sourceTree = "<group>"; };
		5B89CD1A2144E1A100C4D5C3 /* TippyyTests.xctest */ = {isa = PBXFileReference; explicitFileType = wrapper.cfbundle; includeInIndex = 0; path = TippyyTests.xctest; sourceTree = BUILT_PRODUCTS_DIR; };
		5B89CD1E2144E1A100C4D5C3 /* TippyyTests.swift */ = {isa = PBXFileReference; lastKnownFileType = sourcecode.swift; path = TippyyTests.swift; sourceTree = "<group>"; };
		5B89CD202144E1A100C4D5C3 /* Info.plist */ = {isa = PBXFileReference; lastKnownFileType = text.plist.xml; path = Info.plist; sourceTree = "<group>"; };
		5B89CD252144E1A100C4D5C3 /* TippyyUITests.xctest */ = {isa = PBXFileReference; explicitFileType = wrapper.cfbundle; includeInIndex = 0; path = TippyyUITests.xctest; sourceTree = BUILT_PRODUCTS_DIR; };
		5B89CD292144E1A100C4D5C3 /* TippyyUITests.swift */ = {isa = PBXFileReference; lastKnownFileType = sourcecode.swift; path = TippyyUITests.swift; sourceTree = "<group>"; };
		5B89CD2B2144E1A100C4D5C3 /* Info.plist */ = {isa = PBXFileReference; lastKnownFileType = text.plist.xml; path = Info.plist; sourceTree = "<group>"; };
/* End PBXFileReference section */

/* Begin PBXFrameworksBuildPhase section */
		5B89CD032144E19F00C4D5C3 /* Frameworks */ = {
			isa = PBXFrameworksBuildPhase;
			buildActionMask = 2147483647;
			files = (
			);
			runOnlyForDeploymentPostprocessing = 0;
		};
		5B89CD172144E1A100C4D5C3 /* Frameworks */ = {
			isa = PBXFrameworksBuildPhase;
			buildActionMask = 2147483647;
			files = (
			);
			runOnlyForDeploymentPostprocessing = 0;
		};
		5B89CD222144E1A100C4D5C3 /* Frameworks */ = {
			isa = PBXFrameworksBuildPhase;
			buildActionMask = 2147483647;
			files = (
			);
			runOnlyForDeploymentPostprocessing = 0;
		};
/* End PBXFrameworksBuildPhase section */

/* Begin PBXGroup section */
		5B89CCFD2144E19F00C4D5C3 = {
			isa = PBXGroup;
			children = (
				5B89CD452149BBFD00C4D5C3 /* README.md */,
				5B89CD082144E19F00C4D5C3 /* Tippyy */,
				5B89CD1D2144E1A100C4D5C3 /* TippyyTests */,
				5B89CD282144E1A100C4D5C3 /* TippyyUITests */,
				5B89CD072144E19F00C4D5C3 /* Products */,
			);
			sourceTree = "<group>";
		};
		5B89CD072144E19F00C4D5C3 /* Products */ = {
			isa = PBXGroup;
			children = (
				5B89CD062144E19F00C4D5C3 /* Tippyy.app */,
				5B89CD1A2144E1A100C4D5C3 /* TippyyTests.xctest */,
				5B89CD252144E1A100C4D5C3 /* TippyyUITests.xctest */,
			);
			name = Products;
			sourceTree = "<group>";
		};
		5B89CD082144E19F00C4D5C3 /* Tippyy */ = {
			isa = PBXGroup;
			children = (
				5B89CD092144E19F00C4D5C3 /* AppDelegate.swift */,
				5B89CD0B2144E19F00C4D5C3 /* ViewController.swift */,
				5B89CD0D2144E19F00C4D5C3 /* Main.storyboard */,
				5B89CD102144E1A100C4D5C3 /* Assets.xcassets */,
				5B89CD122144E1A100C4D5C3 /* LaunchScreen.storyboard */,
				5B89CD152144E1A100C4D5C3 /* Info.plist */,
			);
			path = Tippyy;
			sourceTree = "<group>";
		};
		5B89CD1D2144E1A100C4D5C3 /* TippyyTests */ = {
			isa = PBXGroup;
			children = (
				5B89CD1E2144E1A100C4D5C3 /* TippyyTests.swift */,
				5B89CD202144E1A100C4D5C3 /* Info.plist */,
			);
			path = TippyyTests;
			sourceTree = "<group>";
		};
		5B89CD282144E1A100C4D5C3 /* TippyyUITests */ = {
			isa = PBXGroup;
			children = (
				5B89CD292144E1A100C4D5C3 /* TippyyUITests.swift */,
				5B89CD2B2144E1A100C4D5C3 /* Info.plist */,
			);
			path = TippyyUITests;
			sourceTree = "<group>";
		};
		5B89CD452149BBFD00C4D5C3 /* README.md */ = {
			isa = PBXGroup;
			children = (
			);
			name = README.md;
			path = Tippyy/README.md;
			sourceTree = "<group>";
		};
/* End PBXGroup section */

/* Begin PBXNativeTarget section */
		5B89CD052144E19F00C4D5C3 /* Tippyy */ = {
			isa = PBXNativeTarget;
			buildConfigurationList = 5B89CD2E2144E1A100C4D5C3 /* Build configuration list for PBXNativeTarget "Tippyy" */;
			buildPhases = (
				5B89CD022144E19F00C4D5C3 /* Sources */,
				5B89CD032144E19F00C4D5C3 /* Frameworks */,
				5B89CD042144E19F00C4D5C3 /* Resources */,
			);
			buildRules = (
			);
			dependencies = (
			);
			name = Tippyy;
			productName = Tippyy;
			productReference = 5B89CD062144E19F00C4D5C3 /* Tippyy.app */;
			productType = "com.apple.product-type.application";
		};
		5B89CD192144E1A100C4D5C3 /* TippyyTests */ = {
			isa = PBXNativeTarget;
			buildConfigurationList = 5B89CD312144E1A100C4D5C3 /* Build configuration list for PBXNativeTarget "TippyyTests" */;
			buildPhases = (
				5B89CD162144E1A100C4D5C3 /* Sources */,
				5B89CD172144E1A100C4D5C3 /* Frameworks */,
				5B89CD182144E1A100C4D5C3 /* Resources */,
			);
			buildRules = (
			);
			dependencies = (
				5B89CD1C2144E1A100C4D5C3 /* PBXTargetDependency */,
			);
			name = TippyyTests;
			productName = TippyyTests;
			productReference = 5B89CD1A2144E1A100C4D5C3 /* TippyyTests.xctest */;
			productType = "com.apple.product-type.bundle.unit-test";
		};
		5B89CD242144E1A100C4D5C3 /* TippyyUITests */ = {
			isa = PBXNativeTarget;
			buildConfigurationList = 5B89CD342144E1A100C4D5C3 /* Build configuration list for PBXNativeTarget "TippyyUITests" */;
			buildPhases = (
				5B89CD212144E1A100C4D5C3 /* Sources */,
				5B89CD222144E1A100C4D5C3 /* Frameworks */,
				5B89CD232144E1A100C4D5C3 /* Resources */,
			);
			buildRules = (
			);
			dependencies = (
				5B89CD272144E1A100C4D5C3 /* PBXTargetDependency */,
			);
			name = TippyyUITests;
			productName = TippyyUITests;
			productReference = 5B89CD252144E1A100C4D5C3 /* TippyyUITests.xctest */;
			productType = "com.apple.product-type.bundle.ui-testing";
		};
/* End PBXNativeTarget section */

/* Begin PBXProject section */
		5B89CCFE2144E19F00C4D5C3 /* Project object */ = {
			isa = PBXProject;
			attributes = {
				LastSwiftUpdateCheck = 0940;
				LastUpgradeCheck = 0940;
				ORGANIZATIONNAME = "Allen Lozano";
				TargetAttributes = {
					5B89CD052144E19F00C4D5C3 = {
						CreatedOnToolsVersion = 9.4.1;
					};
					5B89CD192144E1A100C4D5C3 = {
						CreatedOnToolsVersion = 9.4.1;
						TestTargetID = 5B89CD052144E19F00C4D5C3;
					};
					5B89CD242144E1A100C4D5C3 = {
						CreatedOnToolsVersion = 9.4.1;
						TestTargetID = 5B89CD052144E19F00C4D5C3;
					};
				};
			};
			buildConfigurationList = 5B89CD012144E19F00C4D5C3 /* Build configuration list for PBXProject "Tippyy" */;
			compatibilityVersion = "Xcode 9.3";
			developmentRegion = en;
			hasScannedForEncodings = 0;
			knownRegions = (
				en,
				Base,
			);
			mainGroup = 5B89CCFD2144E19F00C4D5C3;
			productRefGroup = 5B89CD072144E19F00C4D5C3 /* Products */;
			projectDirPath = "";
			projectRoot = "";
			targets = (
				5B89CD052144E19F00C4D5C3 /* Tippyy */,
				5B89CD192144E1A100C4D5C3 /* TippyyTests */,
				5B89CD242144E1A100C4D5C3 /* TippyyUITests */,
			);
		};
/* End PBXProject section */

/* Begin PBXResourcesBuildPhase section */
		5B89CD042144E19F00C4D5C3 /* Resources */ = {
			isa = PBXResourcesBuildPhase;
			buildActionMask = 2147483647;
			files = (
				5B89CD142144E1A100C4D5C3 /* LaunchScreen.storyboard in Resources */,
				5B89CD112144E1A100C4D5C3 /* Assets.xcassets in Resources */,
				5B89CD0F2144E19F00C4D5C3 /* Main.storyboard in Resources */,
			);
			runOnlyForDeploymentPostprocessing = 0;
		};
		5B89CD182144E1A100C4D5C3 /* Resources */ = {
			isa = PBXResourcesBuildPhase;
			buildActionMask = 2147483647;
			files = (
			);
			runOnlyForDeploymentPostprocessing = 0;
		};
		5B89CD232144E1A100C4D5C3 /* Resources */ = {
			isa = PBXResourcesBuildPhase;
			buildActionMask = 2147483647;
			files = (
			);
			runOnlyForDeploymentPostprocessing = 0;
		};
/* End PBXResourcesBuildPhase section */

/* Begin PBXSourcesBuildPhase section */
		5B89CD022144E19F00C4D5C3 /* Sources */ = {
			isa = PBXSourcesBuildPhase;
			buildActionMask = 2147483647;
			files = (
				5B89CD0C2144E19F00C4D5C3 /* ViewController.swift in Sources */,
				5B89CD0A2144E19F00C4D5C3 /* AppDelegate.swift in Sources */,
			);
			runOnlyForDeploymentPostprocessing = 0;
		};
		5B89CD162144E1A100C4D5C3 /* Sources */ = {
			isa = PBXSourcesBuildPhase;
			buildActionMask = 2147483647;
			files = (
				5B89CD1F2144E1A100C4D5C3 /* TippyyTests.swift in Sources */,
			);
			runOnlyForDeploymentPostprocessing = 0;
		};
		5B89CD212144E1A100C4D5C3 /* Sources */ = {
			isa = PBXSourcesBuildPhase;
			buildActionMask = 2147483647;
			files = (
				5B89CD2A2144E1A100C4D5C3 /* TippyyUITests.swift in Sources */,
			);
			runOnlyForDeploymentPostprocessing = 0;
		};
/* End PBXSourcesBuildPhase section */

/* Begin PBXTargetDependency section */
		5B89CD1C2144E1A100C4D5C3 /* PBXTargetDependency */ = {
			isa = PBXTargetDependency;
			target = 5B89CD052144E19F00C4D5C3 /* Tippyy */;
			targetProxy = 5B89CD1B2144E1A100C4D5C3 /* PBXContainerItemProxy */;
		};
		5B89CD272144E1A100C4D5C3 /* PBXTargetDependency */ = {
			isa = PBXTargetDependency;
			target = 5B89CD052144E19F00C4D5C3 /* Tippyy */;
			targetProxy = 5B89CD262144E1A100C4D5C3 /* PBXContainerItemProxy */;
		};
/* End PBXTargetDependency section */

/* Begin PBXVariantGroup section */
		5B89CD0D2144E19F00C4D5C3 /* Main.storyboard */ = {
			isa = PBXVariantGroup;
			children = (
				5B89CD0E2144E19F00C4D5C3 /* Base */,
			);
			name = Main.storyboard;
			sourceTree = "<group>";
		};
		5B89CD122144E1A100C4D5C3 /* LaunchScreen.storyboard */ = {
			isa = PBXVariantGroup;
			children = (
				5B89CD132144E1A100C4D5C3 /* Base */,
			);
			name = LaunchScreen.storyboard;
			sourceTree = "<group>";
		};
/* End PBXVariantGroup section */

/* Begin XCBuildConfiguration section */
		5B89CD2C2144E1A100C4D5C3 /* Debug */ = {
			isa = XCBuildConfiguration;
			buildSettings = {
				ALWAYS_SEARCH_USER_PATHS = NO;
				CLANG_ANALYZER_NONNULL = YES;
				CLANG_ANALYZER_NUMBER_OBJECT_CONVERSION = YES_AGGRESSIVE;
				CLANG_CXX_LANGUAGE_STANDARD = "gnu++14";
				CLANG_CXX_LIBRARY = "libc++";
				CLANG_ENABLE_MODULES = YES;
				CLANG_ENABLE_OBJC_ARC = YES;
				CLANG_ENABLE_OBJC_WEAK = YES;
				CLANG_WARN_BLOCK_CAPTURE_AUTORELEASING = YES;
				CLANG_WARN_BOOL_CONVERSION = YES;
				CLANG_WARN_COMMA = YES;
				CLANG_WARN_CONSTANT_CONVERSION = YES;
				CLANG_WARN_DEPRECATED_OBJC_IMPLEMENTATIONS = YES;
				CLANG_WARN_DIRECT_OBJC_ISA_USAGE = YES_ERROR;
				CLANG_WARN_DOCUMENTATION_COMMENTS = YES;
				CLANG_WARN_EMPTY_BODY = YES;
				CLANG_WARN_ENUM_CONVERSION = YES;
				CLANG_WARN_INFINITE_RECURSION = YES;
				CLANG_WARN_INT_CONVERSION = YES;
				CLANG_WARN_NON_LITERAL_NULL_CONVERSION = YES;
				CLANG_WARN_OBJC_IMPLICIT_RETAIN_SELF = YES;
				CLANG_WARN_OBJC_LITERAL_CONVERSION = YES;
				CLANG_WARN_OBJC_ROOT_CLASS = YES_ERROR;
				CLANG_WARN_RANGE_LOOP_ANALYSIS = YES;
				CLANG_WARN_STRICT_PROTOTYPES = YES;
				CLANG_WARN_SUSPICIOUS_MOVE = YES;
				CLANG_WARN_UNGUARDED_AVAILABILITY = YES_AGGRESSIVE;
				CLANG_WARN_UNREACHABLE_CODE = YES;
				CLANG_WARN__DUPLICATE_METHOD_MATCH = YES;
				CODE_SIGN_IDENTITY = "iPhone Developer";
				COPY_PHASE_STRIP = NO;
				DEBUG_INFORMATION_FORMAT = dwarf;
				ENABLE_STRICT_OBJC_MSGSEND = YES;
				ENABLE_TESTABILITY = YES;
				GCC_C_LANGUAGE_STANDARD = gnu11;
				GCC_DYNAMIC_NO_PIC = NO;
				GCC_NO_COMMON_BLOCKS = YES;
				GCC_OPTIMIZATION_LEVEL = 0;
				GCC_PREPROCESSOR_DEFINITIONS = (
					"DEBUG=1",
					"$(inherited)",
				);
				GCC_WARN_64_TO_32_BIT_CONVERSION = YES;
				GCC_WARN_ABOUT_RETURN_TYPE = YES_ERROR;
				GCC_WARN_UNDECLARED_SELECTOR = YES;
				GCC_WARN_UNINITIALIZED_AUTOS = YES_AGGRESSIVE;
				GCC_WARN_UNUSED_FUNCTION = YES;
				GCC_WARN_UNUSED_VARIABLE = YES;
				IPHONEOS_DEPLOYMENT_TARGET = 11.4;
				MTL_ENABLE_DEBUG_INFO = YES;
				ONLY_ACTIVE_ARCH = YES;
				SDKROOT = iphoneos;
				SWIFT_ACTIVE_COMPILATION_CONDITIONS = DEBUG;
				SWIFT_OPTIMIZATION_LEVEL = "-Onone";
			};
			name = Debug;
		};
		5B89CD2D2144E1A100C4D5C3 /* Release */ = {
			isa = XCBuildConfiguration;
			buildSettings = {
				ALWAYS_SEARCH_USER_PATHS = NO;
				CLANG_ANALYZER_NONNULL = YES;
				CLANG_ANALYZER_NUMBER_OBJECT_CONVERSION = YES_AGGRESSIVE;
				CLANG_CXX_LANGUAGE_STANDARD = "gnu++14";
				CLANG_CXX_LIBRARY = "libc++";
				CLANG_ENABLE_MODULES = YES;
				CLANG_ENABLE_OBJC_ARC = YES;
				CLANG_ENABLE_OBJC_WEAK = YES;
				CLANG_WARN_BLOCK_CAPTURE_AUTORELEASING = YES;
				CLANG_WARN_BOOL_CONVERSION = YES;
				CLANG_WARN_COMMA = YES;
				CLANG_WARN_CONSTANT_CONVERSION = YES;
				CLANG_WARN_DEPRECATED_OBJC_IMPLEMENTATIONS = YES;
				CLANG_WARN_DIRECT_OBJC_ISA_USAGE = YES_ERROR;
				CLANG_WARN_DOCUMENTATION_COMMENTS = YES;
				CLANG_WARN_EMPTY_BODY = YES;
				CLANG_WARN_ENUM_CONVERSION = YES;
				CLANG_WARN_INFINITE_RECURSION = YES;
				CLANG_WARN_INT_CONVERSION = YES;
				CLANG_WARN_NON_LITERAL_NULL_CONVERSION = YES;
				CLANG_WARN_OBJC_IMPLICIT_RETAIN_SELF = YES;
				CLANG_WARN_OBJC_LITERAL_CONVERSION = YES;
				CLANG_WARN_OBJC_ROOT_CLASS = YES_ERROR;
				CLANG_WARN_RANGE_LOOP_ANALYSIS = YES;
				CLANG_WARN_STRICT_PROTOTYPES = YES;
				CLANG_WARN_SUSPICIOUS_MOVE = YES;
				CLANG_WARN_UNGUARDED_AVAILABILITY = YES_AGGRESSIVE;
				CLANG_WARN_UNREACHABLE_CODE = YES;
				CLANG_WARN__DUPLICATE_METHOD_MATCH = YES;
				CODE_SIGN_IDENTITY = "iPhone Developer";
				COPY_PHASE_STRIP = NO;
				DEBUG_INFORMATION_FORMAT = "dwarf-with-dsym";
				ENABLE_NS_ASSERTIONS = NO;
				ENABLE_STRICT_OBJC_MSGSEND = YES;
				GCC_C_LANGUAGE_STANDARD = gnu11;
				GCC_NO_COMMON_BLOCKS = YES;
				GCC_WARN_64_TO_32_BIT_CONVERSION = YES;
				GCC_WARN_ABOUT_RETURN_TYPE = YES_ERROR;
				GCC_WARN_UNDECLARED_SELECTOR = YES;
				GCC_WARN_UNINITIALIZED_AUTOS = YES_AGGRESSIVE;
				GCC_WARN_UNUSED_FUNCTION = YES;
				GCC_WARN_UNUSED_VARIABLE = YES;
				IPHONEOS_DEPLOYMENT_TARGET = 11.4;
				MTL_ENABLE_DEBUG_INFO = NO;
				SDKROOT = iphoneos;
				SWIFT_COMPILATION_MODE = wholemodule;
				SWIFT_OPTIMIZATION_LEVEL = "-O";
				VALIDATE_PRODUCT = YES;
			};
			name = Release;
		};
		5B89CD2F2144E1A100C4D5C3 /* Debug */ = {
			isa = XCBuildConfiguration;
			buildSettings = {
				ASSETCATALOG_COMPILER_APPICON_NAME = AppIcon;
				CODE_SIGN_STYLE = Automatic;
				INFOPLIST_FILE = Tippyy/Info.plist;
				LD_RUNPATH_SEARCH_PATHS = (
					"$(inherited)",
					"@executable_path/Frameworks",
				);
				PRODUCT_BUNDLE_IDENTIFIER = allen.Tippyy;
				PRODUCT_NAME = "$(TARGET_NAME)";
				SWIFT_VERSION = 4.0;
				TARGETED_DEVICE_FAMILY = "1,2";
			};
			name = Debug;
		};
		5B89CD302144E1A100C4D5C3 /* Release */ = {
			isa = XCBuildConfiguration;
			buildSettings = {
				ASSETCATALOG_COMPILER_APPICON_NAME = AppIcon;
				CODE_SIGN_STYLE = Automatic;
				INFOPLIST_FILE = Tippyy/Info.plist;
				LD_RUNPATH_SEARCH_PATHS = (
					"$(inherited)",
					"@executable_path/Frameworks",
				);
				PRODUCT_BUNDLE_IDENTIFIER = allen.Tippyy;
				PRODUCT_NAME = "$(TARGET_NAME)";
				SWIFT_VERSION = 4.0;
				TARGETED_DEVICE_FAMILY = "1,2";
			};
			name = Release;
		};
		5B89CD322144E1A100C4D5C3 /* Debug */ = {
			isa = XCBuildConfiguration;
			buildSettings = {
				ALWAYS_EMBED_SWIFT_STANDARD_LIBRARIES = YES;
				BUNDLE_LOADER = "$(TEST_HOST)";
				CODE_SIGN_STYLE = Automatic;
				INFOPLIST_FILE = TippyyTests/Info.plist;
				LD_RUNPATH_SEARCH_PATHS = (
					"$(inherited)",
					"@executable_path/Frameworks",
					"@loader_path/Frameworks",
				);
				PRODUCT_BUNDLE_IDENTIFIER = allen.TippyyTests;
				PRODUCT_NAME = "$(TARGET_NAME)";
				SWIFT_VERSION = 4.0;
				TARGETED_DEVICE_FAMILY = "1,2";
				TEST_HOST = "$(BUILT_PRODUCTS_DIR)/Tippyy.app/Tippyy";
			};
			name = Debug;
		};
		5B89CD332144E1A100C4D5C3 /* Release */ = {
			isa = XCBuildConfiguration;
			buildSettings = {
				ALWAYS_EMBED_SWIFT_STANDARD_LIBRARIES = YES;
				BUNDLE_LOADER = "$(TEST_HOST)";
				CODE_SIGN_STYLE = Automatic;
				INFOPLIST_FILE = TippyyTests/Info.plist;
				LD_RUNPATH_SEARCH_PATHS = (
					"$(inherited)",
					"@executable_path/Frameworks",
					"@loader_path/Frameworks",
				);
				PRODUCT_BUNDLE_IDENTIFIER = allen.TippyyTests;
				PRODUCT_NAME = "$(TARGET_NAME)";
				SWIFT_VERSION = 4.0;
				TARGETED_DEVICE_FAMILY = "1,2";
				TEST_HOST = "$(BUILT_PRODUCTS_DIR)/Tippyy.app/Tippyy";
			};
			name = Release;
		};
		5B89CD352144E1A100C4D5C3 /* Debug */ = {
			isa = XCBuildConfiguration;
			buildSettings = {
				ALWAYS_EMBED_SWIFT_STANDARD_LIBRARIES = YES;
				CODE_SIGN_STYLE = Automatic;
				INFOPLIST_FILE = TippyyUITests/Info.plist;
				LD_RUNPATH_SEARCH_PATHS = (
					"$(inherited)",
					"@executable_path/Frameworks",
					"@loader_path/Frameworks",
				);
				PRODUCT_BUNDLE_IDENTIFIER = allen.TippyyUITests;
				PRODUCT_NAME = "$(TARGET_NAME)";
				SWIFT_VERSION = 4.0;
				TARGETED_DEVICE_FAMILY = "1,2";
				TEST_TARGET_NAME = Tippyy;
			};
			name = Debug;
		};
		5B89CD362144E1A100C4D5C3 /* Release */ = {
			isa = XCBuildConfiguration;
			buildSettings = {
				ALWAYS_EMBED_SWIFT_STANDARD_LIBRARIES = YES;
				CODE_SIGN_STYLE = Automatic;
				INFOPLIST_FILE = TippyyUITests/Info.plist;
				LD_RUNPATH_SEARCH_PATHS = (
					"$(inherited)",
					"@executable_path/Frameworks",
					"@loader_path/Frameworks",
				);
				PRODUCT_BUNDLE_IDENTIFIER = allen.TippyyUITests;
				PRODUCT_NAME = "$(TARGET_NAME)";
				SWIFT_VERSION = 4.0;
				TARGETED_DEVICE_FAMILY = "1,2";
				TEST_TARGET_NAME = Tippyy;
			};
			name = Release;
		};
/* End XCBuildConfiguration section */

/* Begin XCConfigurationList section */
		5B89CD012144E19F00C4D5C3 /* Build configuration list for PBXProject "Tippyy" */ = {
			isa = XCConfigurationList;
			buildConfigurations = (
				5B89CD2C2144E1A100C4D5C3 /* Debug */,
				5B89CD2D2144E1A100C4D5C3 /* Release */,
			);
			defaultConfigurationIsVisible = 0;
			defaultConfigurationName = Release;
		};
		5B89CD2E2144E1A100C4D5C3 /* Build configuration list for PBXNativeTarget "Tippyy" */ = {
			isa = XCConfigurationList;
			buildConfigurations = (
				5B89CD2F2144E1A100C4D5C3 /* Debug */,
				5B89CD302144E1A100C4D5C3 /* Release */,
			);
			defaultConfigurationIsVisible = 0;
			defaultConfigurationName = Release;
		};
		5B89CD312144E1A100C4D5C3 /* Build configuration list for PBXNativeTarget "TippyyTests" */ = {
			isa = XCConfigurationList;
			buildConfigurations = (
				5B89CD322144E1A100C4D5C3 /* Debug */,
				5B89CD332144E1A100C4D5C3 /* Release */,
			);
			defaultConfigurationIsVisible = 0;
			defaultConfigurationName = Release;
		};
		5B89CD342144E1A100C4D5C3 /* Build configuration list for PBXNativeTarget "TippyyUITests" */ = {
			isa = XCConfigurationList;
			buildConfigurations = (
				5B89CD352144E1A100C4D5C3 /* Debug */,
				5B89CD362144E1A100C4D5C3 /* Release */,
			);
			defaultConfigurationIsVisible = 0;
			defaultConfigurationName = Release;
		};
/* End XCConfigurationList section */
	};
	rootObject = 5B89CCFE2144E19F00C4D5C3 /* Project object */;
}
